
Microsoft Visual Studio Solution File, Format Version 12.00
# Visual Studio Version 17
VisualStudioVersion = 17.8.34330.188
MinimumVisualStudioVersion = 10.0.40219.1
Project("{FAE04EC0-301F-11D3-BF4B-00C04F79EFBC}") = "UnitTestProject1", "UnitTestProject1\UnitTestProject1.csproj", "{B3865A92-B308-441D-9B53-F31F34FD1604}"
EndProject
Project("{FAE04EC0-301F-11D3-BF4B-00C04F79EFBC}") = "CalculationLibrary", "CalculationLibrary\CalculationLibrary.csproj", "{2A8499B2-D141-4527-A40C-659D8B0BB99D}"
EndProject
Global
	GlobalSection(SolutionConfigurationPlatforms) = preSolution
		Debug|Any CPU = Debug|Any CPU
		Release|Any CPU = Release|Any CPU
	EndGlobalSection
	GlobalSection(ProjectConfigurationPlatforms) = postSolution
		{B3865A92-B308-441D-9B53-F31F34FD1604}.Debug|Any CPU.ActiveCfg = Debug|Any CPU
		{B3865A92-B308-441D-9B53-F31F34FD1604}.Debug|Any CPU.Build.0 = Debug|Any CPU
		{B3865A92-B308-441D-9B53-F31F34FD1604}.Release|Any CPU.ActiveCfg = Release|Any CPU
		{B3865A92-B308-441D-9B53-F31F34FD1604}.Release|Any CPU.Build.0 = Release|Any CPU
		{2A8499B2-D141-4527-A40C-659D8B0BB99D}.Debug|Any CPU.ActiveCfg = Debug|Any CPU
		{2A8499B2-D141-4527-A40C-659D8B0BB99D}.Debug|Any CPU.Build.0 = Debug|Any CPU
		{2A8499B2-D141-4527-A40C-659D8B0BB99D}.Release|Any CPU.ActiveCfg = Release|Any CPU
		{2A8499B2-D141-4527-A40C-659D8B0BB99D}.Release|Any CPU.Build.0 = Release|Any CPU
	EndGlobalSection
	GlobalSection(SolutionProperties) = preSolution
		HideSolutionNode = FALSE
	EndGlobalSection
	GlobalSection(ExtensibilityGlobals) = postSolution
		SolutionGuid = {41C3C7DA-9540-46A6-B33F-95EC4E14B1AF}
	EndGlobalSection
EndGlobal
